dependencies:
- name: rabbitmq-ha
  repository: https://charts.helm.sh/stable
  version: 1.44.4
- name: cassandra
  repository: https://charts.bitnami.com/bitnami
  version: 5.6.7
- name: helm-operator
  repository: https://charts.fluxcd.io
  version: 1.2.0
- name: kubernetes-dashboard
  repository: https://kubernetes.github.io/dashboard/
  version: 5.0.4
digest: sha256:377e0015b6a75bf754af93fe989a8e4ca16a21928aa126553c789331d36120f9
generated: "2022-01-19T10:53:17.03523018+04:00"
