dependencies:
- name: rabbitmq-ha
  repository: https://kubernetes-charts.storage.googleapis.com/
  version: 1.44.4
- name: cassandra
  repository: https://charts.bitnami.com/bitnami
  version: 5.4.1
digest: sha256:0853d8f347d3a39a4c6d8b6153867a38ed19187ecb6f39a6a0ecab9939e1d271
generated: "2020-06-18T17:25:09.750157971+03:00"
