dependencies:
- name: rabbitmq-ha
  repository: https://charts.helm.sh/stable
  version: 1.44.4
- name: cassandra
  repository: https://charts.bitnami.com/bitnami
  version: 5.6.7
- name: helm-operator
  repository: https://charts.fluxcd.io
  version: 1.2.0
digest: sha256:b0258c1df87ed1f756932b13e2d5ec8df7ce14a3f6fe5ced2e0caa8e86c73606
generated: "2022-01-19T23:53:55.047228864+03:00"
