dependencies:
- name: rabbitmq
  repository: https://charts.bitnami.com/bitnami
  version: 11.0.3
- name: cassandra
  repository: https://charts.bitnami.com/bitnami
  version: 9.7.3
- name: jupyterhub
  repository: https://jupyterhub.github.io/helm-chart/
  version: 2.0.0
- name: kubernetes-dashboard
  repository: https://kubernetes.github.io/dashboard/
  version: 5.11.0
- name: helm-operator
  repository: https://charts.fluxcd.io
  version: 1.4.2
digest: sha256:5e548fb75d48ca780e1b979a55612f0e92b3d4c5a0bc20cd0a71e3a3c52bb15a
generated: "2023-02-23T13:03:07.285301209Z"
