dependencies:
- name: rabbitmq
  repository: https://charts.bitnami.com/bitnami
  version: 8.24.13
- name: cassandra
  repository: ""
  version: 5.6.7
- name: helm-operator
  repository: https://charts.fluxcd.io
  version: 1.4.2
- name: jupyterhub
  repository: https://jupyterhub.github.io/helm-chart/
  version: 2.0.0
- name: kubernetes-dashboard
  repository: https://kubernetes.github.io/dashboard/
  version: 5.0.4
digest: sha256:c64fab7a25dbe0bd0b82241556df200d35535127ffb146b9fc50164988cd74dd
generated: "2022-11-18T10:55:17.777369691Z"
